
Microsoft Visual Studio Solution File, Format Version 12.00
# Visual Studio 2017
Project("{FAE04EC0-301F-11D3-BF4B-00C04F79EFBC}") = "Reflex Fight", "Reflex Fight.csproj", "{ABFE608B-30B8-4079-2682-C1831DAB126B}"
EndProject
Project("{FAE04EC0-301F-11D3-BF4B-00C04F79EFBC}") = "Reflex Fight.Editor", "Reflex Fight.Editor.csproj", "{0BBB798B-19E9-1880-338B-16EE14E653DD}"
EndProject
Global
	GlobalSection(SolutionConfigurationPlatforms) = preSolution
		Debug|Any CPU = Debug|Any CPU
		Release|Any CPU = Release|Any CPU
	EndGlobalSection
	GlobalSection(ProjectConfigurationPlatforms) = postSolution
		{ABFE608B-30B8-4079-2682-C1831DAB126B}.Debug|Any CPU.ActiveCfg = Debug|Any CPU
		{ABFE608B-30B8-4079-2682-C1831DAB126B}.Debug|Any CPU.Build.0 = Debug|Any CPU
		{ABFE608B-30B8-4079-2682-C1831DAB126B}.Release|Any CPU.ActiveCfg = Release|Any CPU
		{ABFE608B-30B8-4079-2682-C1831DAB126B}.Release|Any CPU.Build.0 = Release|Any CPU
		{0BBB798B-19E9-1880-338B-16EE14E653DD}.Debug|Any CPU.ActiveCfg = Debug|Any CPU
		{0BBB798B-19E9-1880-338B-16EE14E653DD}.Debug|Any CPU.Build.0 = Debug|Any CPU
		{0BBB798B-19E9-1880-338B-16EE14E653DD}.Release|Any CPU.ActiveCfg = Release|Any CPU
		{0BBB798B-19E9-1880-338B-16EE14E653DD}.Release|Any CPU.Build.0 = Release|Any CPU
	EndGlobalSection
	GlobalSection(SolutionProperties) = preSolution
		HideSolutionNode = FALSE
	EndGlobalSection
EndGlobal
